
Microsoft Visual Studio Solution File, Format Version 12.00
# Visual Studio Version 17
VisualStudioVersion = 17.10.35013.160
MinimumVisualStudioVersion = 10.0.40219.1
Project("{FAE04EC0-301F-11D3-BF4B-00C04F79EFBC}") = "Dome01EF", "Dome01EF\Dome01EF.csproj", "{3B8549D2-0E67-49DE-BE15-01F4D46EF206}"
EndProject
Global
	GlobalSection(SolutionConfigurationPlatforms) = preSolution
		Debug|Any CPU = Debug|Any CPU
		Release|Any CPU = Release|Any CPU
	EndGlobalSection
	GlobalSection(ProjectConfigurationPlatforms) = postSolution
		{3B8549D2-0E67-49DE-BE15-01F4D46EF206}.Debug|Any CPU.ActiveCfg = Debug|Any CPU
		{3B8549D2-0E67-49DE-BE15-01F4D46EF206}.Debug|Any CPU.Build.0 = Debug|Any CPU
		{3B8549D2-0E67-49DE-BE15-01F4D46EF206}.Release|Any CPU.ActiveCfg = Release|Any CPU
		{3B8549D2-0E67-49DE-BE15-01F4D46EF206}.Release|Any CPU.Build.0 = Release|Any CPU
	EndGlobalSection
	GlobalSection(SolutionProperties) = preSolution
		HideSolutionNode = FALSE
	EndGlobalSection
	GlobalSection(ExtensibilityGlobals) = postSolution
		SolutionGuid = {BA9D8505-B0BE-408A-93CE-026A4BA17655}
	EndGlobalSection
EndGlobal
